
Microsoft Visual Studio Solution File, Format Version 12.00
# Visual Studio Version 17
VisualStudioVersion = 17.2.32630.192
MinimumVisualStudioVersion = 10.0.40219.1
Project("{9A19103F-16F7-4668-BE54-9A1E7A4F7556}") = "FlowAlgorithm", "FlowAlgorithm\FlowAlgorithm.csproj", "{C86EDFC6-F744-4791-9D5F-BFAE4987F81C}"
EndProject
Project("{FAE04EC0-301F-11D3-BF4B-00C04F79EFBC}") = "TestsGenerator", "TestsGenerator\TestsGenerator.csproj", "{447EB2DA-10D2-4992-85BB-553F1C2198BA}"
EndProject
Global
	GlobalSection(SolutionConfigurationPlatforms) = preSolution
		Debug|Any CPU = Debug|Any CPU
		Release|Any CPU = Release|Any CPU
	EndGlobalSection
	GlobalSection(ProjectConfigurationPlatforms) = postSolution
		{C86EDFC6-F744-4791-9D5F-BFAE4987F81C}.Debug|Any CPU.ActiveCfg = Debug|Any CPU
		{C86EDFC6-F744-4791-9D5F-BFAE4987F81C}.Debug|Any CPU.Build.0 = Debug|Any CPU
		{C86EDFC6-F744-4791-9D5F-BFAE4987F81C}.Release|Any CPU.ActiveCfg = Release|Any CPU
		{C86EDFC6-F744-4791-9D5F-BFAE4987F81C}.Release|Any CPU.Build.0 = Release|Any CPU
		{447EB2DA-10D2-4992-85BB-553F1C2198BA}.Debug|Any CPU.ActiveCfg = Debug|Any CPU
		{447EB2DA-10D2-4992-85BB-553F1C2198BA}.Debug|Any CPU.Build.0 = Debug|Any CPU
		{447EB2DA-10D2-4992-85BB-553F1C2198BA}.Release|Any CPU.ActiveCfg = Release|Any CPU
		{447EB2DA-10D2-4992-85BB-553F1C2198BA}.Release|Any CPU.Build.0 = Release|Any CPU
	EndGlobalSection
	GlobalSection(SolutionProperties) = preSolution
		HideSolutionNode = FALSE
	EndGlobalSection
	GlobalSection(ExtensibilityGlobals) = postSolution
		SolutionGuid = {66EF07CA-BAEE-4E1B-85B0-AF6A2BF9AA35}
	EndGlobalSection
EndGlobal
